
Microsoft Visual Studio Solution File, Format Version 12.00
# Visual Studio Version 16
VisualStudioVersion = 16.0.31410.357
MinimumVisualStudioVersion = 10.0.40219.1
Project("{6989167D-11E4-40FE-8C1A-2192A86A7E90}") = "plm-8080-fortran", "plm-8080-fortran\plm-8080-fortran.vfproj", "{51E0FE6A-9181-4874-95BE-96AFAF171D85}"
EndProject
Global
	GlobalSection(SolutionConfigurationPlatforms) = preSolution
		Debug|x64 = Debug|x64
		Debug|x86 = Debug|x86
		Release|x64 = Release|x64
		Release|x86 = Release|x86
	EndGlobalSection
	GlobalSection(ProjectConfigurationPlatforms) = postSolution
		{51E0FE6A-9181-4874-95BE-96AFAF171D85}.Debug|x64.ActiveCfg = Debug|x64
		{51E0FE6A-9181-4874-95BE-96AFAF171D85}.Debug|x64.Build.0 = Debug|x64
		{51E0FE6A-9181-4874-95BE-96AFAF171D85}.Debug|x86.ActiveCfg = Debug|Win32
		{51E0FE6A-9181-4874-95BE-96AFAF171D85}.Debug|x86.Build.0 = Debug|Win32
		{51E0FE6A-9181-4874-95BE-96AFAF171D85}.Release|x64.ActiveCfg = Release|x64
		{51E0FE6A-9181-4874-95BE-96AFAF171D85}.Release|x64.Build.0 = Release|x64
		{51E0FE6A-9181-4874-95BE-96AFAF171D85}.Release|x86.ActiveCfg = Release|Win32
		{51E0FE6A-9181-4874-95BE-96AFAF171D85}.Release|x86.Build.0 = Release|Win32
	EndGlobalSection
	GlobalSection(SolutionProperties) = preSolution
		HideSolutionNode = FALSE
	EndGlobalSection
	GlobalSection(ExtensibilityGlobals) = postSolution
		SolutionGuid = {71128270-37EA-47E5-AF91-C584426021D3}
	EndGlobalSection
EndGlobal
